
Microsoft Visual Studio Solution File, Format Version 12.00
# Visual Studio 2012
Project("{8BC9CEB8-8B4A-11D0-8D11-00A0C91BC942}") = "BD", "BD\BD.vcxproj", "{870F40BF-8187-438D-8F98-836F03E7C9FF}"
EndProject
Global
	GlobalSection(SolutionConfigurationPlatforms) = preSolution
		Debug|Win32 = Debug|Win32
		Release|Win32 = Release|Win32
	EndGlobalSection
	GlobalSection(ProjectConfigurationPlatforms) = postSolution
		{870F40BF-8187-438D-8F98-836F03E7C9FF}.Debug|Win32.ActiveCfg = Debug|Win32
		{870F40BF-8187-438D-8F98-836F03E7C9FF}.Debug|Win32.Build.0 = Debug|Win32
		{870F40BF-8187-438D-8F98-836F03E7C9FF}.Release|Win32.ActiveCfg = Release|Win32
		{870F40BF-8187-438D-8F98-836F03E7C9FF}.Release|Win32.Build.0 = Release|Win32
	EndGlobalSection
	GlobalSection(SolutionProperties) = preSolution
		HideSolutionNode = FALSE
	EndGlobalSection
EndGlobal
